// !$*UTF8*$!
{
	archiveVersion = 1;
	classes = {
	};
	objectVersion = 52;
	objects = {

/* Begin PBXBuildFile section */
		7333E48B25F816E5001F49AF /* AppDelegate.swift in Sources */ = {isa = PBXBuildFile; fileRef = 7333E48A25F816E5001F49AF /* AppDelegate.swift */; };
		7333E48D25F816E5001F49AF /* SceneDelegate.swift in Sources */ = {isa = PBXBuildFile; fileRef = 7333E48C25F816E5001F49AF /* SceneDelegate.swift */; };
		7333E48F25F816E5001F49AF /* ViewController.swift in Sources */ = {isa = PBXBuildFile; fileRef = 7333E48E25F816E5001F49AF /* ViewController.swift */; };
		7333E49225F816E5001F49AF /* Main.storyboard in Resources */ = {isa = PBXBuildFile; fileRef = 7333E49025F816E5001F49AF /* Main.storyboard */; };
		7333E49425F816E6001F49AF /* Assets.xcassets in Resources */ = {isa = PBXBuildFile; fileRef = 7333E49325F816E6001F49AF /* Assets.xcassets */; };
		7333E49725F816E6001F49AF /* LaunchScreen.storyboard in Resources */ = {isa = PBXBuildFile; fileRef = 7333E49525F816E6001F49AF /* LaunchScreen.storyboard */; };
		7333E4A125F818B6001F49AF /* HandyExtensionsFramework in Frameworks */ = {isa = PBXBuildFile; productRef = 7333E4A025F818B6001F49AF /* HandyExtensionsFramework */; };
/* End PBXBuildFile section */

/* Begin PBXFileReference section */
		7333E48725F816E5001F49AF /* FrameworkClient.app */ = {isa = PBXFileReference; explicitFileType = wrapper.application; includeInIndex = 0; path = FrameworkClient.app; sourceTree = BUILT_PRODUCTS_DIR; };
		7333E48A25F816E5001F49AF /* AppDelegate.swift */ = {isa = PBXFileReference; lastKnownFileType = sourcecode.swift; path = AppDelegate.swift; sourceTree = "<group>"; };
		7333E48C25F816E5001F49AF /* SceneDelegate.swift */ = {isa = PBXFileReference; lastKnownFileType = sourcecode.swift; path = SceneDelegate.swift; sourceTree = "<group>"; };
		7333E48E25F816E5001F49AF /* ViewController.swift */ = {isa = PBXFileReference; lastKnownFileType = sourcecode.swift; path = ViewController.swift; sourceTree = "<group>"; };
		7333E49125F816E5001F49AF /* Base */ = {isa = PBXFileReference; lastKnownFileType = file.storyboard; name = Base; path = Base.lproj/Main.storyboard; sourceTree = "<group>"; };
		7333E49325F816E6001F49AF /* Assets.xcassets */ = {isa = PBXFileReference; lastKnownFileType = folder.assetcatalog; path = Assets.xcassets; sourceTree = "<group>"; };
		7333E49625F816E6001F49AF /* Base */ = {isa = PBXFileReference; lastKnownFileType = file.storyboard; name = Base; path = Base.lproj/LaunchScreen.storyboard; sourceTree = "<group>"; };
		7333E49825F816E6001F49AF /* Info.plist */ = {isa = PBXFileReference; lastKnownFileType = text.plist.xml; path = Info.plist; sourceTree = "<group>"; };
/* End PBXFileReference section */

/* Begin PBXFrameworksBuildPhase section */
		7333E48425F816E5001F49AF /* Frameworks */ = {
			isa = PBXFrameworksBuildPhase;
			buildActionMask = 2147483647;
			files = (
				7333E4A125F818B6001F49AF /* HandyExtensionsFramework in Frameworks */,
			);
			runOnlyForDeploymentPostprocessing = 0;
		};
/* End PBXFrameworksBuildPhase section */

/* Begin PBXGroup section */
		7333E47E25F816E5001F49AF = {
			isa = PBXGroup;
			children = (
				7333E48925F816E5001F49AF /* FrameworkClient */,
				7333E48825F816E5001F49AF /* Products */,
			);
			sourceTree = "<group>";
		};
		7333E48825F816E5001F49AF /* Products */ = {
			isa = PBXGroup;
			children = (
				7333E48725F816E5001F49AF /* FrameworkClient.app */,
			);
			name = Products;
			sourceTree = "<group>";
		};
		7333E48925F816E5001F49AF /* FrameworkClient */ = {
			isa = PBXGroup;
			children = (
				7333E48A25F816E5001F49AF /* AppDelegate.swift */,
				7333E48C25F816E5001F49AF /* SceneDelegate.swift */,
				7333E48E25F816E5001F49AF /* ViewController.swift */,
				7333E49025F816E5001F49AF /* Main.storyboard */,
				7333E49325F816E6001F49AF /* Assets.xcassets */,
				7333E49525F816E6001F49AF /* LaunchScreen.storyboard */,
				7333E49825F816E6001F49AF /* Info.plist */,
			);
			path = FrameworkClient;
			sourceTree = "<group>";
		};
/* End PBXGroup section */

/* Begin PBXNativeTarget section */
		7333E48625F816E5001F49AF /* FrameworkClient */ = {
			isa = PBXNativeTarget;
			buildConfigurationList = 7333E49B25F816E6001F49AF /* Build configuration list for PBXNativeTarget "FrameworkClient" */;
			buildPhases = (
				7333E48325F816E5001F49AF /* Sources */,
				7333E48425F816E5001F49AF /* Frameworks */,
				7333E48525F816E5001F49AF /* Resources */,
			);
			buildRules = (
			);
			dependencies = (
			);
			name = FrameworkClient;
			packageProductDependencies = (
				7333E4A025F818B6001F49AF /* HandyExtensionsFramework */,
			);
			productName = FrameworkClient;
			productReference = 7333E48725F816E5001F49AF /* FrameworkClient.app */;
			productType = "com.apple.product-type.application";
		};
/* End PBXNativeTarget section */

/* Begin PBXProject section */
		7333E47F25F816E5001F49AF /* Project object */ = {
			isa = PBXProject;
			attributes = {
				LastSwiftUpdateCheck = 1220;
				LastUpgradeCheck = 1220;
				TargetAttributes = {
					7333E48625F816E5001F49AF = {
						CreatedOnToolsVersion = 12.2;
					};
				};
			};
			buildConfigurationList = 7333E48225F816E5001F49AF /* Build configuration list for PBXProject "FrameworkClient" */;
			compatibilityVersion = "Xcode 9.3";
			developmentRegion = en;
			hasScannedForEncodings = 0;
			knownRegions = (
				en,
				Base,
			);
			mainGroup = 7333E47E25F816E5001F49AF;
			packageReferences = (
				7333E49F25F818B6001F49AF /* XCRemoteSwiftPackageReference "HandyExtensionsFramework" */,
			);
			productRefGroup = 7333E48825F816E5001F49AF /* Products */;
			projectDirPath = "";
			projectRoot = "";
			targets = (
				7333E48625F816E5001F49AF /* FrameworkClient */,
			);
		};
/* End PBXProject section */

/* Begin PBXResourcesBuildPhase section */
		7333E48525F816E5001F49AF /* Resources */ = {
			isa = PBXResourcesBuildPhase;
			buildActionMask = 2147483647;
			files = (
				7333E49725F816E6001F49AF /* LaunchScreen.storyboard in Resources */,
				7333E49425F816E6001F49AF /* Assets.xcassets in Resources */,
				7333E49225F816E5001F49AF /* Main.storyboard in Resources */,
			);
			runOnlyForDeploymentPostprocessing = 0;
		};
/* End PBXResourcesBuildPhase section */

/* Begin PBXSourcesBuildPhase section */
		7333E48325F816E5001F49AF /* Sources */ = {
			isa = PBXSourcesBuildPhase;
			buildActionMask = 2147483647;
			files = (
				7333E48F25F816E5001F49AF /* ViewController.swift in Sources */,
				7333E48B25F816E5001F49AF /* AppDelegate.swift in Sources */,
				7333E48D25F816E5001F49AF /* SceneDelegate.swift in Sources */,
			);
			runOnlyForDeploymentPostprocessing = 0;
		};
/* End PBXSourcesBuildPhase section */

/* Begin PBXVariantGroup section */
		7333E49025F816E5001F49AF /* Main.storyboard */ = {
			isa = PBXVariantGroup;
			children = (
				7333E49125F816E5001F49AF /* Base */,
			);
			name = Main.storyboard;
			sourceTree = "<group>";
		};
		7333E49525F816E6001F49AF /* LaunchScreen.storyboard */ = {
			isa = PBXVariantGroup;
			children = (
				7333E49625F816E6001F49AF /* Base */,
			);
			name = LaunchScreen.storyboard;
			sourceTree = "<group>";
		};
/* End PBXVariantGroup section */

/* Begin XCBuildConfiguration section */
		7333E49925F816E6001F49AF /* Debug */ = {
			isa = XCBuildConfiguration;
			buildSettings = {
				ALWAYS_SEARCH_USER_PATHS = NO;
				CLANG_ANALYZER_NONNULL = YES;
				CLANG_ANALYZER_NUMBER_OBJECT_CONVERSION = YES_AGGRESSIVE;
				CLANG_CXX_LANGUAGE_STANDARD = "gnu++14";
				CLANG_CXX_LIBRARY = "libc++";
				CLANG_ENABLE_MODULES = YES;
				CLANG_ENABLE_OBJC_ARC = YES;
				CLANG_ENABLE_OBJC_WEAK = YES;
				CLANG_WARN_BLOCK_CAPTURE_AUTORELEASING = YES;
				CLANG_WARN_BOOL_CONVERSION = YES;
				CLANG_WARN_COMMA = YES;
				CLANG_WARN_CONSTANT_CONVERSION = YES;
				CLANG_WARN_DEPRECATED_OBJC_IMPLEMENTATIONS = YES;
				CLANG_WARN_DIRECT_OBJC_ISA_USAGE = YES_ERROR;
				CLANG_WARN_DOCUMENTATION_COMMENTS = YES;
				CLANG_WARN_EMPTY_BODY = YES;
				CLANG_WARN_ENUM_CONVERSION = YES;
				CLANG_WARN_INFINITE_RECURSION = YES;
				CLANG_WARN_INT_CONVERSION = YES;
				CLANG_WARN_NON_LITERAL_NULL_CONVERSION = YES;
				CLANG_WARN_OBJC_IMPLICIT_RETAIN_SELF = YES;
				CLANG_WARN_OBJC_LITERAL_CONVERSION = YES;
				CLANG_WARN_OBJC_ROOT_CLASS = YES_ERROR;
				CLANG_WARN_QUOTED_INCLUDE_IN_FRAMEWORK_HEADER = YES;
				CLANG_WARN_RANGE_LOOP_ANALYSIS = YES;
				CLANG_WARN_STRICT_PROTOTYPES = YES;
				CLANG_WARN_SUSPICIOUS_MOVE = YES;
				CLANG_WARN_UNGUARDED_AVAILABILITY = YES_AGGRESSIVE;
				CLANG_WARN_UNREACHABLE_CODE = YES;
				CLANG_WARN__DUPLICATE_METHOD_MATCH = YES;
				COPY_PHASE_STRIP = NO;
				DEBUG_INFORMATION_FORMAT = dwarf;
				ENABLE_STRICT_OBJC_MSGSEND = YES;
				ENABLE_TESTABILITY = YES;
				GCC_C_LANGUAGE_STANDARD = gnu11;
				GCC_DYNAMIC_NO_PIC = NO;
				GCC_NO_COMMON_BLOCKS = YES;
				GCC_OPTIMIZATION_LEVEL = 0;
				GCC_PREPROCESSOR_DEFINITIONS = (
					"DEBUG=1",
					"$(inherited)",
				);
				GCC_WARN_64_TO_32_BIT_CONVERSION = YES;
				GCC_WARN_ABOUT_RETURN_TYPE = YES_ERROR;
				GCC_WARN_UNDECLARED_SELECTOR = YES;
				GCC_WARN_UNINITIALIZED_AUTOS = YES_AGGRESSIVE;
				GCC_WARN_UNUSED_FUNCTION = YES;
				GCC_WARN_UNUSED_VARIABLE = YES;
				IPHONEOS_DEPLOYMENT_TARGET = 14.2;
				MTL_ENABLE_DEBUG_INFO = INCLUDE_SOURCE;
				MTL_FAST_MATH = YES;
				ONLY_ACTIVE_ARCH = YES;
				SDKROOT = iphoneos;
				SWIFT_ACTIVE_COMPILATION_CONDITIONS = DEBUG;
				SWIFT_OPTIMIZATION_LEVEL = "-Onone";
			};
			name = Debug;
		};
		7333E49A25F816E6001F49AF /* Release */ = {
			isa = XCBuildConfiguration;
			buildSettings = {
				ALWAYS_SEARCH_USER_PATHS = NO;
				CLANG_ANALYZER_NONNULL = YES;
				CLANG_ANALYZER_NUMBER_OBJECT_CONVERSION = YES_AGGRESSIVE;
				CLANG_CXX_LANGUAGE_STANDARD = "gnu++14";
				CLANG_CXX_LIBRARY = "libc++";
				CLANG_ENABLE_MODULES = YES;
				CLANG_ENABLE_OBJC_ARC = YES;
				CLANG_ENABLE_OBJC_WEAK = YES;
				CLANG_WARN_BLOCK_CAPTURE_AUTORELEASING = YES;
				CLANG_WARN_BOOL_CONVERSION = YES;
				CLANG_WARN_COMMA = YES;
				CLANG_WARN_CONSTANT_CONVERSION = YES;
				CLANG_WARN_DEPRECATED_OBJC_IMPLEMENTATIONS = YES;
				CLANG_WARN_DIRECT_OBJC_ISA_USAGE = YES_ERROR;
				CLANG_WARN_DOCUMENTATION_COMMENTS = YES;
				CLANG_WARN_EMPTY_BODY = YES;
				CLANG_WARN_ENUM_CONVERSION = YES;
				CLANG_WARN_INFINITE_RECURSION = YES;
				CLANG_WARN_INT_CONVERSION = YES;
				CLANG_WARN_NON_LITERAL_NULL_CONVERSION = YES;
				CLANG_WARN_OBJC_IMPLICIT_RETAIN_SELF = YES;
				CLANG_WARN_OBJC_LITERAL_CONVERSION = YES;
				CLANG_WARN_OBJC_ROOT_CLASS = YES_ERROR;
				CLANG_WARN_QUOTED_INCLUDE_IN_FRAMEWORK_HEADER = YES;
				CLANG_WARN_RANGE_LOOP_ANALYSIS = YES;
				CLANG_WARN_STRICT_PROTOTYPES = YES;
				CLANG_WARN_SUSPICIOUS_MOVE = YES;
				CLANG_WARN_UNGUARDED_AVAILABILITY = YES_AGGRESSIVE;
				CLANG_WARN_UNREACHABLE_CODE = YES;
				CLANG_WARN__DUPLICATE_METHOD_MATCH = YES;
				COPY_PHASE_STRIP = NO;
				DEBUG_INFORMATION_FORMAT = "dwarf-with-dsym";
				ENABLE_NS_ASSERTIONS = NO;
				ENABLE_STRICT_OBJC_MSGSEND = YES;
				GCC_C_LANGUAGE_STANDARD = gnu11;
				GCC_NO_COMMON_BLOCKS = YES;
				GCC_WARN_64_TO_32_BIT_CONVERSION = YES;
				GCC_WARN_ABOUT_RETURN_TYPE = YES_ERROR;
				GCC_WARN_UNDECLARED_SELECTOR = YES;
				GCC_WARN_UNINITIALIZED_AUTOS = YES_AGGRESSIVE;
				GCC_WARN_UNUSED_FUNCTION = YES;
				GCC_WARN_UNUSED_VARIABLE = YES;
				IPHONEOS_DEPLOYMENT_TARGET = 14.2;
				MTL_ENABLE_DEBUG_INFO = NO;
				MTL_FAST_MATH = YES;
				SDKROOT = iphoneos;
				SWIFT_COMPILATION_MODE = wholemodule;
				SWIFT_OPTIMIZATION_LEVEL = "-O";
				VALIDATE_PRODUCT = YES;
			};
			name = Release;
		};
		7333E49C25F816E6001F49AF /* Debug */ = {
			isa = XCBuildConfiguration;
			buildSettings = {
				ASSETCATALOG_COMPILER_APPICON_NAME = AppIcon;
				ASSETCATALOG_COMPILER_GLOBAL_ACCENT_COLOR_NAME = AccentColor;
				CODE_SIGN_STYLE = Automatic;
				DEVELOPMENT_TEAM = 593ZV4B3B7;
				INFOPLIST_FILE = FrameworkClient/Info.plist;
				LD_RUNPATH_SEARCH_PATHS = (
					"$(inherited)",
					"@executable_path/Frameworks",
				);
				PRODUCT_BUNDLE_IDENTIFIER = com.enoxus.FrameworkClient;
				PRODUCT_NAME = "$(TARGET_NAME)";
				SWIFT_VERSION = 5.0;
				TARGETED_DEVICE_FAMILY = "1,2";
			};
			name = Debug;
		};
		7333E49D25F816E6001F49AF /* Release */ = {
			isa = XCBuildConfiguration;
			buildSettings = {
				ASSETCATALOG_COMPILER_APPICON_NAME = AppIcon;
				ASSETCATALOG_COMPILER_GLOBAL_ACCENT_COLOR_NAME = AccentColor;
				CODE_SIGN_STYLE = Automatic;
				DEVELOPMENT_TEAM = 593ZV4B3B7;
				INFOPLIST_FILE = FrameworkClient/Info.plist;
				LD_RUNPATH_SEARCH_PATHS = (
					"$(inherited)",
					"@executable_path/Frameworks",
				);
				PRODUCT_BUNDLE_IDENTIFIER = com.enoxus.FrameworkClient;
				PRODUCT_NAME = "$(TARGET_NAME)";
				SWIFT_VERSION = 5.0;
				TARGETED_DEVICE_FAMILY = "1,2";
			};
			name = Release;
		};
/* End XCBuildConfiguration section */

/* Begin XCConfigurationList section */
		7333E48225F816E5001F49AF /* Build configuration list for PBXProject "FrameworkClient" */ = {
			isa = XCConfigurationList;
			buildConfigurations = (
				7333E49925F816E6001F49AF /* Debug */,
				7333E49A25F816E6001F49AF /* Release */,
			);
			defaultConfigurationIsVisible = 0;
			defaultConfigurationName = Release;
		};
		7333E49B25F816E6001F49AF /* Build configuration list for PBXNativeTarget "FrameworkClient" */ = {
			isa = XCConfigurationList;
			buildConfigurations = (
				7333E49C25F816E6001F49AF /* Debug */,
				7333E49D25F816E6001F49AF /* Release */,
			);
			defaultConfigurationIsVisible = 0;
			defaultConfigurationName = Release;
		};
/* End XCConfigurationList section */

/* Begin XCRemoteSwiftPackageReference section */
		7333E49F25F818B6001F49AF /* XCRemoteSwiftPackageReference "HandyExtensionsFramework" */ = {
			isa = XCRemoteSwiftPackageReference;
			repositoryURL = "https://github.com/ReQEnoxus/HandyExtensionsFramework.git";
			requirement = {
				branch = master;
				kind = branch;
			};
		};
/* End XCRemoteSwiftPackageReference section */

/* Begin XCSwiftPackageProductDependency section */
		7333E4A025F818B6001F49AF /* HandyExtensionsFramework */ = {
			isa = XCSwiftPackageProductDependency;
			package = 7333E49F25F818B6001F49AF /* XCRemoteSwiftPackageReference "HandyExtensionsFramework" */;
			productName = HandyExtensionsFramework;
		};
/* End XCSwiftPackageProductDependency section */
	};
	rootObject = 7333E47F25F816E5001F49AF /* Project object */;
}
